PODS:
  - Alamofire (4.9.1)
  - IQKeyboardManagerSwift (6.5.5)

DEPENDENCIES:
  - Alamofire (~> 4.7)
  - IQKeyboardManagerSwift

SPEC REPOS:
  trunk:
    - Alamofire
    - IQKeyboardManagerSwift

SPEC CHECKSUMS:
  Alamofire: 85e8a02c69d6020a0d734f6054870d7ecb75cf18
  IQKeyboardManagerSwift: 0fb93310284665245591f50f7a5e38de615960b7

PODFILE CHECKSUM: 7fb5dd71a80540ab435f604e489cf3e6697e4ee9

COCOAPODS: 1.8.4
